{
  "name": "cncf-tech-advisor",
  "version": "1.0.0",
  "lockfileVersion": 3,
  "requires": true,
  "packages": {
    "": {
      "name": "cncf-tech-advisor",
      "version": "1.0.0",
      "license": "Apache-2.0",
      "dependencies": {
        "cncf-tech-advisor-darwin-arm64": "file:../cncf-tech-advisor-macos-arm64"
      },
      "bin": {
        "cncf-tech-advisor": "bin/index.js"
      },
      "engines": {
        "node": ">=16"
      },
      "optionalDependencies": {
        "cncf-tech-advisor-darwin-arm64": "file:../cncf-tech-advisor-macos-arm64",
        "cncf-tech-advisor-darwin-x64": "1.0.0",
        "cncf-tech-advisor-linux-x64": "1.0.0",
        "cncf-tech-advisor-windows-x64": "1.0.0"
      }
    },
    "../cncf-tech-advisor-macos-arm64": {
      "name": "cncf-tech-advisor-darwin-arm64",
      "version": "1.0.0",
      "cpu": [
        "arm64"
      ],
      "license": "Apache-2.0",
      "optional": true,
      "os": [
        "darwin"
      ],
      "bin": {
        "cncf-tech-advisor-darwin-arm64": "bin/cncf-tech-advisor-darwin-arm64.jar"
      }
    },
    "node_modules/cncf-tech-advisor-darwin-arm64": {
      "resolved": "../cncf-tech-advisor-macos-arm64",
      "link": true
    }
  }
}
